// !$*UTF8*$!
{
	archiveVersion = 1;
	classes = {
	};
	objectVersion = 50;
	objects = {

/* Begin PBXBuildFile section */
		3D3346FB25853C4200BAAEBD /* Emoji.swift in Sources */ = {isa = PBXBuildFile; fileRef = 3D3346FA25853C4200BAAEBD /* Emoji.swift */; };
		3D3346FD25853C6C00BAAEBD /* SevenSegment.swift in Sources */ = {isa = PBXBuildFile; fileRef = 3D3346FC25853C6C00BAAEBD /* SevenSegment.swift */; };
		3D3346FF25853CA900BAAEBD /* ClockView.swift in Sources */ = {isa = PBXBuildFile; fileRef = 3D3346FE25853CA900BAAEBD /* ClockView.swift */; };
		3D8C818925845FF500B6ACAB /* AppDelegate.swift in Sources */ = {isa = PBXBuildFile; fileRef = 3D8C818825845FF500B6ACAB /* AppDelegate.swift */; };
		3D8C818B25845FF500B6ACAB /* SceneDelegate.swift in Sources */ = {isa = PBXBuildFile; fileRef = 3D8C818A25845FF500B6ACAB /* SceneDelegate.swift */; };
		3D8C818D25845FF500B6ACAB /* RootView.swift in Sources */ = {isa = PBXBuildFile; fileRef = 3D8C818C25845FF500B6ACAB /* RootView.swift */; };
		3D8C818F25845FF700B6ACAB /* Assets.xcassets in Resources */ = {isa = PBXBuildFile; fileRef = 3D8C818E25845FF700B6ACAB /* Assets.xcassets */; };
		3D8C819225845FF700B6ACAB /* Preview Assets.xcassets in Resources */ = {isa = PBXBuildFile; fileRef = 3D8C819125845FF700B6ACAB /* Preview Assets.xcassets */; };
		3D8C819525845FF700B6ACAB /* LaunchScreen.storyboard in Resources */ = {isa = PBXBuildFile; fileRef = 3D8C819325845FF700B6ACAB /* LaunchScreen.storyboard */; };
		3D8C81A025845FF700B6ACAB /* SegmojiClockTests.swift in Sources */ = {isa = PBXBuildFile; fileRef = 3D8C819F25845FF700B6ACAB /* SegmojiClockTests.swift */; };
		3D8C81AB258466D100B6ACAB /* Clock.swift in Sources */ = {isa = PBXBuildFile; fileRef = 3D8C81AA258466D100B6ACAB /* Clock.swift */; };
/* End PBXBuildFile section */

/* Begin PBXContainerItemProxy section */
		3D8C819C25845FF700B6ACAB /* PBXContainerItemProxy */ = {
			isa = PBXContainerItemProxy;
			containerPortal = 3D8C817D25845FF500B6ACAB /* Project object */;
			proxyType = 1;
			remoteGlobalIDString = 3D8C818425845FF500B6ACAB;
			remoteInfo = SegmojiClock;
		};
/* End PBXContainerItemProxy section */

/* Begin PBXFileReference section */
		3D3346FA25853C4200BAAEBD /* Emoji.swift */ = {isa = PBXFileReference; lastKnownFileType = sourcecode.swift; path = Emoji.swift; sourceTree = "<group>"; };
		3D3346FC25853C6C00BAAEBD /* SevenSegment.swift */ = {isa = PBXFileReference; lastKnownFileType = sourcecode.swift; path = SevenSegment.swift; sourceTree = "<group>"; };
		3D3346FE25853CA900BAAEBD /* ClockView.swift */ = {isa = PBXFileReference; lastKnownFileType = sourcecode.swift; path = ClockView.swift; sourceTree = "<group>"; };
		3D8C818525845FF500B6ACAB /* SegmojiClock.app */ = {isa = PBXFileReference; explicitFileType = wrapper.application; includeInIndex = 0; path = SegmojiClock.app; sourceTree = BUILT_PRODUCTS_DIR; };
		3D8C818825845FF500B6ACAB /* AppDelegate.swift */ = {isa = PBXFileReference; lastKnownFileType = sourcecode.swift; path = AppDelegate.swift; sourceTree = "<group>"; };
		3D8C818A25845FF500B6ACAB /* SceneDelegate.swift */ = {isa = PBXFileReference; lastKnownFileType = sourcecode.swift; path = SceneDelegate.swift; sourceTree = "<group>"; };
		3D8C818C25845FF500B6ACAB /* RootView.swift */ = {isa = PBXFileReference; lastKnownFileType = sourcecode.swift; path = RootView.swift; sourceTree = "<group>"; };
		3D8C818E25845FF700B6ACAB /* Assets.xcassets */ = {isa = PBXFileReference; lastKnownFileType = folder.assetcatalog; path = Assets.xcassets; sourceTree = "<group>"; };
		3D8C819125845FF700B6ACAB /* Preview Assets.xcassets */ = {isa = PBXFileReference; lastKnownFileType = folder.assetcatalog; path = "Preview Assets.xcassets"; sourceTree = "<group>"; };
		3D8C819425845FF700B6ACAB /* Base */ = {isa = PBXFileReference; lastKnownFileType = file.storyboard; name = Base; path = Base.lproj/LaunchScreen.storyboard; sourceTree = "<group>"; };
		3D8C819625845FF700B6ACAB /* Info.plist */ = {isa = PBXFileReference; lastKnownFileType = text.plist.xml; path = Info.plist; sourceTree = "<group>"; };
		3D8C819B25845FF700B6ACAB /* SegmojiClockTests.xctest */ = {isa = PBXFileReference; explicitFileType = wrapper.cfbundle; includeInIndex = 0; path = SegmojiClockTests.xctest; sourceTree = BUILT_PRODUCTS_DIR; };
		3D8C819F25845FF700B6ACAB /* SegmojiClockTests.swift */ = {isa = PBXFileReference; lastKnownFileType = sourcecode.swift; path = SegmojiClockTests.swift; sourceTree = "<group>"; };
		3D8C81A125845FF700B6ACAB /* Info.plist */ = {isa = PBXFileReference; lastKnownFileType = text.plist.xml; path = Info.plist; sourceTree = "<group>"; };
		3D8C81AA258466D100B6ACAB /* Clock.swift */ = {isa = PBXFileReference; lastKnownFileType = sourcecode.swift; path = Clock.swift; sourceTree = "<group>"; };
/* End PBXFileReference section */

/* Begin PBXFrameworksBuildPhase section */
		3D8C818225845FF500B6ACAB /* Frameworks */ = {
			isa = PBXFrameworksBuildPhase;
			buildActionMask = 2147483647;
			files = (
			);
			runOnlyForDeploymentPostprocessing = 0;
		};
		3D8C819825845FF700B6ACAB /* Frameworks */ = {
			isa = PBXFrameworksBuildPhase;
			buildActionMask = 2147483647;
			files = (
			);
			runOnlyForDeploymentPostprocessing = 0;
		};
/* End PBXFrameworksBuildPhase section */

/* Begin PBXGroup section */
		3D5B5F6225851BAC0063ADEE /* Model */ = {
			isa = PBXGroup;
			children = (
				3D8C81AA258466D100B6ACAB /* Clock.swift */,
				3D3346FA25853C4200BAAEBD /* Emoji.swift */,
				3D3346FC25853C6C00BAAEBD /* SevenSegment.swift */,
			);
			path = Model;
			sourceTree = "<group>";
		};
		3D5B5F6325851BBC0063ADEE /* View */ = {
			isa = PBXGroup;
			children = (
				3D8C818C25845FF500B6ACAB /* RootView.swift */,
				3D3346FE25853CA900BAAEBD /* ClockView.swift */,
			);
			path = View;
			sourceTree = "<group>";
		};
		3D5B5F6425851BDF0063ADEE /* Delegates */ = {
			isa = PBXGroup;
			children = (
				3D8C818825845FF500B6ACAB /* AppDelegate.swift */,
				3D8C818A25845FF500B6ACAB /* SceneDelegate.swift */,
			);
			path = Delegates;
			sourceTree = "<group>";
		};
		3D5B5F6525851BFB0063ADEE /* Resources */ = {
			isa = PBXGroup;
			children = (
				3D8C818E25845FF700B6ACAB /* Assets.xcassets */,
				3D8C819325845FF700B6ACAB /* LaunchScreen.storyboard */,
				3D8C819625845FF700B6ACAB /* Info.plist */,
			);
			name = Resources;
			sourceTree = "<group>";
		};
		3D8C817C25845FF500B6ACAB = {
			isa = PBXGroup;
			children = (
				3D8C818725845FF500B6ACAB /* SegmojiClock */,
				3D8C819E25845FF700B6ACAB /* SegmojiClockTests */,
				3D8C818625845FF500B6ACAB /* Products */,
			);
			sourceTree = "<group>";
		};
		3D8C818625845FF500B6ACAB /* Products */ = {
			isa = PBXGroup;
			children = (
				3D8C818525845FF500B6ACAB /* SegmojiClock.app */,
				3D8C819B25845FF700B6ACAB /* SegmojiClockTests.xctest */,
			);
			name = Products;
			sourceTree = "<group>";
		};
		3D8C818725845FF500B6ACAB /* SegmojiClock */ = {
			isa = PBXGroup;
			children = (
				3D5B5F6525851BFB0063ADEE /* Resources */,
				3D5B5F6225851BAC0063ADEE /* Model */,
				3D5B5F6325851BBC0063ADEE /* View */,
				3D5B5F6425851BDF0063ADEE /* Delegates */,
				3D8C819025845FF700B6ACAB /* Preview Content */,
			);
			path = SegmojiClock;
			sourceTree = "<group>";
		};
		3D8C819025845FF700B6ACAB /* Preview Content */ = {
			isa = PBXGroup;
			children = (
				3D8C819125845FF700B6ACAB /* Preview Assets.xcassets */,
			);
			path = "Preview Content";
			sourceTree = "<group>";
		};
		3D8C819E25845FF700B6ACAB /* SegmojiClockTests */ = {
			isa = PBXGroup;
			children = (
				3D8C819F25845FF700B6ACAB /* SegmojiClockTests.swift */,
				3D8C81A125845FF700B6ACAB /* Info.plist */,
			);
			path = SegmojiClockTests;
			sourceTree = "<group>";
		};
/* End PBXGroup section */

/* Begin PBXNativeTarget section */
		3D8C818425845FF500B6ACAB /* SegmojiClock */ = {
			isa = PBXNativeTarget;
			buildConfigurationList = 3D8C81A425845FF700B6ACAB /* Build configuration list for PBXNativeTarget "SegmojiClock" */;
			buildPhases = (
				3D8C818125845FF500B6ACAB /* Sources */,
				3D8C818225845FF500B6ACAB /* Frameworks */,
				3D8C818325845FF500B6ACAB /* Resources */,
			);
			buildRules = (
			);
			dependencies = (
			);
			name = SegmojiClock;
			productName = SegmojiClock;
			productReference = 3D8C818525845FF500B6ACAB /* SegmojiClock.app */;
			productType = "com.apple.product-type.application";
		};
		3D8C819A25845FF700B6ACAB /* SegmojiClockTests */ = {
			isa = PBXNativeTarget;
			buildConfigurationList = 3D8C81A725845FF700B6ACAB /* Build configuration list for PBXNativeTarget "SegmojiClockTests" */;
			buildPhases = (
				3D8C819725845FF700B6ACAB /* Sources */,
				3D8C819825845FF700B6ACAB /* Frameworks */,
				3D8C819925845FF700B6ACAB /* Resources */,
			);
			buildRules = (
			);
			dependencies = (
				3D8C819D25845FF700B6ACAB /* PBXTargetDependency */,
			);
			name = SegmojiClockTests;
			productName = SegmojiClockTests;
			productReference = 3D8C819B25845FF700B6ACAB /* SegmojiClockTests.xctest */;
			productType = "com.apple.product-type.bundle.unit-test";
		};
/* End PBXNativeTarget section */

/* Begin PBXProject section */
		3D8C817D25845FF500B6ACAB /* Project object */ = {
			isa = PBXProject;
			attributes = {
				LastSwiftUpdateCheck = 1160;
				LastUpgradeCheck = 1160;
				ORGANIZATIONNAME = "Kevin Scardina";
				TargetAttributes = {
					3D8C818425845FF500B6ACAB = {
						CreatedOnToolsVersion = 11.6;
					};
					3D8C819A25845FF700B6ACAB = {
						CreatedOnToolsVersion = 11.6;
						TestTargetID = 3D8C818425845FF500B6ACAB;
					};
				};
			};
			buildConfigurationList = 3D8C818025845FF500B6ACAB /* Build configuration list for PBXProject "SegmojiClock" */;
			compatibilityVersion = "Xcode 9.3";
			developmentRegion = en;
			hasScannedForEncodings = 0;
			knownRegions = (
				en,
				Base,
			);
			mainGroup = 3D8C817C25845FF500B6ACAB;
			productRefGroup = 3D8C818625845FF500B6ACAB /* Products */;
			projectDirPath = "";
			projectRoot = "";
			targets = (
				3D8C818425845FF500B6ACAB /* SegmojiClock */,
				3D8C819A25845FF700B6ACAB /* SegmojiClockTests */,
			);
		};
/* End PBXProject section */

/* Begin PBXResourcesBuildPhase section */
		3D8C818325845FF500B6ACAB /* Resources */ = {
			isa = PBXResourcesBuildPhase;
			buildActionMask = 2147483647;
			files = (
				3D8C819525845FF700B6ACAB /* LaunchScreen.storyboard in Resources */,
				3D8C819225845FF700B6ACAB /* Preview Assets.xcassets in Resources */,
				3D8C818F25845FF700B6ACAB /* Assets.xcassets in Resources */,
			);
			runOnlyForDeploymentPostprocessing = 0;
		};
		3D8C819925845FF700B6ACAB /* Resources */ = {
			isa = PBXResourcesBuildPhase;
			buildActionMask = 2147483647;
			files = (
			);
			runOnlyForDeploymentPostprocessing = 0;
		};
/* End PBXResourcesBuildPhase section */

/* Begin PBXSourcesBuildPhase section */
		3D8C818125845FF500B6ACAB /* Sources */ = {
			isa = PBXSourcesBuildPhase;
			buildActionMask = 2147483647;
			files = (
				3D3346FB25853C4200BAAEBD /* Emoji.swift in Sources */,
				3D8C818925845FF500B6ACAB /* AppDelegate.swift in Sources */,
				3D8C81AB258466D100B6ACAB /* Clock.swift in Sources */,
				3D8C818B25845FF500B6ACAB /* SceneDelegate.swift in Sources */,
				3D3346FF25853CA900BAAEBD /* ClockView.swift in Sources */,
				3D8C818D25845FF500B6ACAB /* RootView.swift in Sources */,
				3D3346FD25853C6C00BAAEBD /* SevenSegment.swift in Sources */,
			);
			runOnlyForDeploymentPostprocessing = 0;
		};
		3D8C819725845FF700B6ACAB /* Sources */ = {
			isa = PBXSourcesBuildPhase;
			buildActionMask = 2147483647;
			files = (
				3D8C81A025845FF700B6ACAB /* SegmojiClockTests.swift in Sources */,
			);
			runOnlyForDeploymentPostprocessing = 0;
		};
/* End PBXSourcesBuildPhase section */

/* Begin PBXTargetDependency section */
		3D8C819D25845FF700B6ACAB /* PBXTargetDependency */ = {
			isa = PBXTargetDependency;
			target = 3D8C818425845FF500B6ACAB /* SegmojiClock */;
			targetProxy = 3D8C819C25845FF700B6ACAB /* PBXContainerItemProxy */;
		};
/* End PBXTargetDependency section */

/* Begin PBXVariantGroup section */
		3D8C819325845FF700B6ACAB /* LaunchScreen.storyboard */ = {
			isa = PBXVariantGroup;
			children = (
				3D8C819425845FF700B6ACAB /* Base */,
			);
			name = LaunchScreen.storyboard;
			sourceTree = "<group>";
		};
/* End PBXVariantGroup section */

/* Begin XCBuildConfiguration section */
		3D8C81A225845FF700B6ACAB /* Debug */ = {
			isa = XCBuildConfiguration;
			buildSettings = {
				ALWAYS_SEARCH_USER_PATHS = NO;
				CLANG_ANALYZER_NONNULL = YES;
				CLANG_ANALYZER_NUMBER_OBJECT_CONVERSION = YES_AGGRESSIVE;
				CLANG_CXX_LANGUAGE_STANDARD = "gnu++14";
				CLANG_CXX_LIBRARY = "libc++";
				CLANG_ENABLE_MODULES = YES;
				CLANG_ENABLE_OBJC_ARC = YES;
				CLANG_ENABLE_OBJC_WEAK = YES;
				CLANG_WARN_BLOCK_CAPTURE_AUTORELEASING = YES;
				CLANG_WARN_BOOL_CONVERSION = YES;
				CLANG_WARN_COMMA = YES;
				CLANG_WARN_CONSTANT_CONVERSION = YES;
				CLANG_WARN_DEPRECATED_OBJC_IMPLEMENTATIONS = YES;
				CLANG_WARN_DIRECT_OBJC_ISA_USAGE = YES_ERROR;
				CLANG_WARN_DOCUMENTATION_COMMENTS = YES;
				CLANG_WARN_EMPTY_BODY = YES;
				CLANG_WARN_ENUM_CONVERSION = YES;
				CLANG_WARN_INFINITE_RECURSION = YES;
				CLANG_WARN_INT_CONVERSION = YES;
				CLANG_WARN_NON_LITERAL_NULL_CONVERSION = YES;
				CLANG_WARN_OBJC_IMPLICIT_RETAIN_SELF = YES;
				CLANG_WARN_OBJC_LITERAL_CONVERSION = YES;
				CLANG_WARN_OBJC_ROOT_CLASS = YES_ERROR;
				CLANG_WARN_RANGE_LOOP_ANALYSIS = YES;
				CLANG_WARN_STRICT_PROTOTYPES = YES;
				CLANG_WARN_SUSPICIOUS_MOVE = YES;
				CLANG_WARN_UNGUARDED_AVAILABILITY = YES_AGGRESSIVE;
				CLANG_WARN_UNREACHABLE_CODE = YES;
				CLANG_WARN__DUPLICATE_METHOD_MATCH = YES;
				COPY_PHASE_STRIP = NO;
				DEBUG_INFORMATION_FORMAT = dwarf;
				ENABLE_STRICT_OBJC_MSGSEND = YES;
				ENABLE_TESTABILITY = YES;
				GCC_C_LANGUAGE_STANDARD = gnu11;
				GCC_DYNAMIC_NO_PIC = NO;
				GCC_NO_COMMON_BLOCKS = YES;
				GCC_OPTIMIZATION_LEVEL = 0;
				GCC_PREPROCESSOR_DEFINITIONS = (
					"DEBUG=1",
					"$(inherited)",
				);
				GCC_WARN_64_TO_32_BIT_CONVERSION = YES;
				GCC_WARN_ABOUT_RETURN_TYPE = YES_ERROR;
				GCC_WARN_UNDECLARED_SELECTOR = YES;
				GCC_WARN_UNINITIALIZED_AUTOS = YES_AGGRESSIVE;
				GCC_WARN_UNUSED_FUNCTION = YES;
				GCC_WARN_UNUSED_VARIABLE = YES;
				IPHONEOS_DEPLOYMENT_TARGET = 13.6;
				MTL_ENABLE_DEBUG_INFO = INCLUDE_SOURCE;
				MTL_FAST_MATH = YES;
				ONLY_ACTIVE_ARCH = YES;
				SDKROOT = iphoneos;
				SWIFT_ACTIVE_COMPILATION_CONDITIONS = DEBUG;
				SWIFT_OPTIMIZATION_LEVEL = "-Onone";
			};
			name = Debug;
		};
		3D8C81A325845FF700B6ACAB /* Release */ = {
			isa = XCBuildConfiguration;
			buildSettings = {
				ALWAYS_SEARCH_USER_PATHS = NO;
				CLANG_ANALYZER_NONNULL = YES;
				CLANG_ANALYZER_NUMBER_OBJECT_CONVERSION = YES_AGGRESSIVE;
				CLANG_CXX_LANGUAGE_STANDARD = "gnu++14";
				CLANG_CXX_LIBRARY = "libc++";
				CLANG_ENABLE_MODULES = YES;
				CLANG_ENABLE_OBJC_ARC = YES;
				CLANG_ENABLE_OBJC_WEAK = YES;
				CLANG_WARN_BLOCK_CAPTURE_AUTORELEASING = YES;
				CLANG_WARN_BOOL_CONVERSION = YES;
				CLANG_WARN_COMMA = YES;
				CLANG_WARN_CONSTANT_CONVERSION = YES;
				CLANG_WARN_DEPRECATED_OBJC_IMPLEMENTATIONS = YES;
				CLANG_WARN_DIRECT_OBJC_ISA_USAGE = YES_ERROR;
				CLANG_WARN_DOCUMENTATION_COMMENTS = YES;
				CLANG_WARN_EMPTY_BODY = YES;
				CLANG_WARN_ENUM_CONVERSION = YES;
				CLANG_WARN_INFINITE_RECURSION = YES;
				CLANG_WARN_INT_CONVERSION = YES;
				CLANG_WARN_NON_LITERAL_NULL_CONVERSION = YES;
				CLANG_WARN_OBJC_IMPLICIT_RETAIN_SELF = YES;
				CLANG_WARN_OBJC_LITERAL_CONVERSION = YES;
				CLANG_WARN_OBJC_ROOT_CLASS = YES_ERROR;
				CLANG_WARN_RANGE_LOOP_ANALYSIS = YES;
				CLANG_WARN_STRICT_PROTOTYPES = YES;
				CLANG_WARN_SUSPICIOUS_MOVE = YES;
				CLANG_WARN_UNGUARDED_AVAILABILITY = YES_AGGRESSIVE;
				CLANG_WARN_UNREACHABLE_CODE = YES;
				CLANG_WARN__DUPLICATE_METHOD_MATCH = YES;
				COPY_PHASE_STRIP = NO;
				DEBUG_INFORMATION_FORMAT = "dwarf-with-dsym";
				ENABLE_NS_ASSERTIONS = NO;
				ENABLE_STRICT_OBJC_MSGSEND = YES;
				GCC_C_LANGUAGE_STANDARD = gnu11;
				GCC_NO_COMMON_BLOCKS = YES;
				GCC_WARN_64_TO_32_BIT_CONVERSION = YES;
				GCC_WARN_ABOUT_RETURN_TYPE = YES_ERROR;
				GCC_WARN_UNDECLARED_SELECTOR = YES;
				GCC_WARN_UNINITIALIZED_AUTOS = YES_AGGRESSIVE;
				GCC_WARN_UNUSED_FUNCTION = YES;
				GCC_WARN_UNUSED_VARIABLE = YES;
				IPHONEOS_DEPLOYMENT_TARGET = 13.6;
				MTL_ENABLE_DEBUG_INFO = NO;
				MTL_FAST_MATH = YES;
				SDKROOT = iphoneos;
				SWIFT_COMPILATION_MODE = wholemodule;
				SWIFT_OPTIMIZATION_LEVEL = "-O";
				VALIDATE_PRODUCT = YES;
			};
			name = Release;
		};
		3D8C81A525845FF700B6ACAB /* Debug */ = {
			isa = XCBuildConfiguration;
			buildSettings = {
				ASSETCATALOG_COMPILER_APPICON_NAME = AppIcon;
				CODE_SIGN_STYLE = Automatic;
				DEVELOPMENT_ASSET_PATHS = "\"SegmojiClock/Preview Content\"";
				DEVELOPMENT_TEAM = C9XNX575S2;
				ENABLE_PREVIEWS = YES;
				INFOPLIST_FILE = SegmojiClock/Info.plist;
				LD_RUNPATH_SEARCH_PATHS = (
					"$(inherited)",
					"@executable_path/Frameworks",
				);
				PRODUCT_BUNDLE_IDENTIFIER = com.kevinscardina.SegmojiClock;
				PRODUCT_NAME = "$(TARGET_NAME)";
				SWIFT_VERSION = 5.0;
				TARGETED_DEVICE_FAMILY = "1,2";
			};
			name = Debug;
		};
		3D8C81A625845FF700B6ACAB /* Release */ = {
			isa = XCBuildConfiguration;
			buildSettings = {
				ASSETCATALOG_COMPILER_APPICON_NAME = AppIcon;
				CODE_SIGN_STYLE = Automatic;
				DEVELOPMENT_ASSET_PATHS = "\"SegmojiClock/Preview Content\"";
				DEVELOPMENT_TEAM = C9XNX575S2;
				ENABLE_PREVIEWS = YES;
				INFOPLIST_FILE = SegmojiClock/Info.plist;
				LD_RUNPATH_SEARCH_PATHS = (
					"$(inherited)",
					"@executable_path/Frameworks",
				);
				PRODUCT_BUNDLE_IDENTIFIER = com.kevinscardina.SegmojiClock;
				PRODUCT_NAME = "$(TARGET_NAME)";
				SWIFT_VERSION = 5.0;
				TARGETED_DEVICE_FAMILY = "1,2";
			};
			name = Release;
		};
		3D8C81A825845FF700B6ACAB /* Debug */ = {
			isa = XCBuildConfiguration;
			buildSettings = {
				ALWAYS_EMBED_SWIFT_STANDARD_LIBRARIES = YES;
				BUNDLE_LOADER = "$(TEST_HOST)";
				CODE_SIGN_STYLE = Automatic;
				DEVELOPMENT_TEAM = C9XNX575S2;
				INFOPLIST_FILE = SegmojiClockTests/Info.plist;
				IPHONEOS_DEPLOYMENT_TARGET = 13.6;
				LD_RUNPATH_SEARCH_PATHS = (
					"$(inherited)",
					"@executable_path/Frameworks",
					"@loader_path/Frameworks",
				);
				PRODUCT_BUNDLE_IDENTIFIER = com.kevinscardina.SegmojiClockTests;
				PRODUCT_NAME = "$(TARGET_NAME)";
				SWIFT_VERSION = 5.0;
				TARGETED_DEVICE_FAMILY = "1,2";
				TEST_HOST = "$(BUILT_PRODUCTS_DIR)/SegmojiClock.app/SegmojiClock";
			};
			name = Debug;
		};
		3D8C81A925845FF700B6ACAB /* Release */ = {
			isa = XCBuildConfiguration;
			buildSettings = {
				ALWAYS_EMBED_SWIFT_STANDARD_LIBRARIES = YES;
				BUNDLE_LOADER = "$(TEST_HOST)";
				CODE_SIGN_STYLE = Automatic;
				DEVELOPMENT_TEAM = C9XNX575S2;
				INFOPLIST_FILE = SegmojiClockTests/Info.plist;
				IPHONEOS_DEPLOYMENT_TARGET = 13.6;
				LD_RUNPATH_SEARCH_PATHS = (
					"$(inherited)",
					"@executable_path/Frameworks",
					"@loader_path/Frameworks",
				);
				PRODUCT_BUNDLE_IDENTIFIER = com.kevinscardina.SegmojiClockTests;
				PRODUCT_NAME = "$(TARGET_NAME)";
				SWIFT_VERSION = 5.0;
				TARGETED_DEVICE_FAMILY = "1,2";
				TEST_HOST = "$(BUILT_PRODUCTS_DIR)/SegmojiClock.app/SegmojiClock";
			};
			name = Release;
		};
/* End XCBuildConfiguration section */

/* Begin XCConfigurationList section */
		3D8C818025845FF500B6ACAB /* Build configuration list for PBXProject "SegmojiClock" */ = {
			isa = XCConfigurationList;
			buildConfigurations = (
				3D8C81A225845FF700B6ACAB /* Debug */,
				3D8C81A325845FF700B6ACAB /* Release */,
			);
			defaultConfigurationIsVisible = 0;
			defaultConfigurationName = Release;
		};
		3D8C81A425845FF700B6ACAB /* Build configuration list for PBXNativeTarget "SegmojiClock" */ = {
			isa = XCConfigurationList;
			buildConfigurations = (
				3D8C81A525845FF700B6ACAB /* Debug */,
				3D8C81A625845FF700B6ACAB /* Release */,
			);
			defaultConfigurationIsVisible = 0;
			defaultConfigurationName = Release;
		};
		3D8C81A725845FF700B6ACAB /* Build configuration list for PBXNativeTarget "SegmojiClockTests" */ = {
			isa = XCConfigurationList;
			buildConfigurations = (
				3D8C81A825845FF700B6ACAB /* Debug */,
				3D8C81A925845FF700B6ACAB /* Release */,
			);
			defaultConfigurationIsVisible = 0;
			defaultConfigurationName = Release;
		};
/* End XCConfigurationList section */
	};
	rootObject = 3D8C817D25845FF500B6ACAB /* Project object */;
}
